
Microsoft Visual Studio Solution File, Format Version 12.00
# Visual Studio Version 17
VisualStudioVersion = 17.5.002.0
MinimumVisualStudioVersion = 10.0.40219.1
Project("{2150E333-8FDC-42A3-9474-1A3956D46DE8}") = "csharp-prep", "csharp-prep", "{E836C7A0-5157-4231-A543-9B9D881DEA06}"
EndProject
Project("{9A19103F-16F7-4668-BE54-9A1E7A4F7556}") = "Prep1", "csharp-prep\Prep1\Prep1.csproj", "{83C8885D-5DFA-49B5-8500-C579B3CCE5A8}"
EndProject
Project("{9A19103F-16F7-4668-BE54-9A1E7A4F7556}") = "Prep2", "csharp-prep\Prep2\Prep2.csproj", "{B544A352-4CF1-40AE-9F97-E9D3930A2BAE}"
EndProject
Project("{9A19103F-16F7-4668-BE54-9A1E7A4F7556}") = "Prep3", "csharp-prep\Prep3\Prep3.csproj", "{5CB98E3E-1134-4264-BD02-6822A3EB357D}"
EndProject
Project("{9A19103F-16F7-4668-BE54-9A1E7A4F7556}") = "Prep4", "csharp-prep\Prep4\Prep4.csproj", "{45BF4A81-B43B-45F3-912A-86330BE0D5DF}"
EndProject
Project("{9A19103F-16F7-4668-BE54-9A1E7A4F7556}") = "Prep5", "csharp-prep\Prep5\Prep5.csproj", "{7C66D6BA-3F66-49F5-9028-E803C7A7FBCC}"
EndProject
Project("{2150E333-8FDC-42A3-9474-1A3956D46DE8}") = "final", "final", "{1935BCE9-AD35-490C-8CF5-DFAB0F78E430}"
EndProject
Project("{9A19103F-16F7-4668-BE54-9A1E7A4F7556}") = "FinalProject", "final\FinalProject\FinalProject.csproj", "{AB885514-3794-4BB4-8BE6-98B4DD7DFCC7}"
EndProject
Project("{9A19103F-16F7-4668-BE54-9A1E7A4F7556}") = "Foundation1", "final\Foundation1\Foundation1.csproj", "{97B0C98B-794F-45A8-92C8-6FA2C59FCDD4}"
EndProject
Project("{9A19103F-16F7-4668-BE54-9A1E7A4F7556}") = "Foundation2", "final\Foundation2\Foundation2.csproj", "{5D79F686-2583-4142-B918-2CFE2AD4754D}"
EndProject
Project("{9A19103F-16F7-4668-BE54-9A1E7A4F7556}") = "Foundation3", "final\Foundation3\Foundation3.csproj", "{937F809D-0940-4860-B07C-8EBC1B96B7DD}"
EndProject
Project("{9A19103F-16F7-4668-BE54-9A1E7A4F7556}") = "Foundation4", "final\Foundation4\Foundation4.csproj", "{03200C2D-5DF6-49C4-A799-E153D72BB3B0}"
EndProject
Project("{2150E333-8FDC-42A3-9474-1A3956D46DE8}") = "prepare", "prepare", "{27A32893-D357-4CD2-86B2-204BC0388557}"
EndProject
Project("{9A19103F-16F7-4668-BE54-9A1E7A4F7556}") = "Learning02", "prepare\Learning02\Learning02.csproj", "{167B5FF1-54E0-4014-B117-F68E7D0AB33D}"
EndProject
Project("{9A19103F-16F7-4668-BE54-9A1E7A4F7556}") = "Learning03", "prepare\Learning03\Learning03.csproj", "{7D97965E-3E35-4439-86A2-6D38F6D706CA}"
EndProject
Project("{9A19103F-16F7-4668-BE54-9A1E7A4F7556}") = "Learning04", "prepare\Learning04\Learning04.csproj", "{740F4B45-8392-4DB3-B064-A84005BFACE8}"
EndProject
Project("{9A19103F-16F7-4668-BE54-9A1E7A4F7556}") = "Learning05", "prepare\Learning05\Learning05.csproj", "{6A41D77B-A013-4DB5-87D0-02875AAAB01D}"
EndProject
Project("{2150E333-8FDC-42A3-9474-1A3956D46DE8}") = "prove", "prove", "{AD194922-E793-4F1B-AD35-F06F8D1524BF}"
EndProject
Project("{9A19103F-16F7-4668-BE54-9A1E7A4F7556}") = "Develop02", "prove\Develop02\Develop02.csproj", "{11E99F68-9306-4A5D-BD60-D023653BEB52}"
EndProject
Project("{9A19103F-16F7-4668-BE54-9A1E7A4F7556}") = "Develop03", "prove\Develop03\Develop03.csproj", "{C46B3296-1181-4AC1-8C95-F9546C4BF987}"
EndProject
Project("{9A19103F-16F7-4668-BE54-9A1E7A4F7556}") = "Develop04", "prove\Develop04\Develop04.csproj", "{55E51C85-7808-4E7B-8849-C274396D7A15}"
EndProject
Project("{9A19103F-16F7-4668-BE54-9A1E7A4F7556}") = "Develop05", "prove\Develop05\Develop05.csproj", "{3E8996DF-6658-46BA-8CBC-690FC8CA7719}"
EndProject
Project("{2150E333-8FDC-42A3-9474-1A3956D46DE8}") = "sandbox", "sandbox", "{83F7AC62-C567-4998-81E6-121A540E1489}"
EndProject
Project("{9A19103F-16F7-4668-BE54-9A1E7A4F7556}") = "Sandbox", "sandbox\Sandbox\Sandbox.csproj", "{0DC872BD-F0C8-46F1-9EF8-760CFF64AB5B}"
EndProject
Global
	GlobalSection(SolutionConfigurationPlatforms) = preSolution
		Debug|Any CPU = Debug|Any CPU
		Release|Any CPU = Release|Any CPU
	EndGlobalSection
	GlobalSection(ProjectConfigurationPlatforms) = postSolution
		{83C8885D-5DFA-49B5-8500-C579B3CCE5A8}.Debug|Any CPU.ActiveCfg = Debug|Any CPU
		{83C8885D-5DFA-49B5-8500-C579B3CCE5A8}.Debug|Any CPU.Build.0 = Debug|Any CPU
		{83C8885D-5DFA-49B5-8500-C579B3CCE5A8}.Release|Any CPU.ActiveCfg = Release|Any CPU
		{83C8885D-5DFA-49B5-8500-C579B3CCE5A8}.Release|Any CPU.Build.0 = Release|Any CPU
		{B544A352-4CF1-40AE-9F97-E9D3930A2BAE}.Debug|Any CPU.ActiveCfg = Debug|Any CPU
		{B544A352-4CF1-40AE-9F97-E9D3930A2BAE}.Debug|Any CPU.Build.0 = Debug|Any CPU
		{B544A352-4CF1-40AE-9F97-E9D3930A2BAE}.Release|Any CPU.ActiveCfg = Release|Any CPU
		{B544A352-4CF1-40AE-9F97-E9D3930A2BAE}.Release|Any CPU.Build.0 = Release|Any CPU
		{5CB98E3E-1134-4264-BD02-6822A3EB357D}.Debug|Any CPU.ActiveCfg = Debug|Any CPU
		{5CB98E3E-1134-4264-BD02-6822A3EB357D}.Debug|Any CPU.Build.0 = Debug|Any CPU
		{5CB98E3E-1134-4264-BD02-6822A3EB357D}.Release|Any CPU.ActiveCfg = Release|Any CPU
		{5CB98E3E-1134-4264-BD02-6822A3EB357D}.Release|Any CPU.Build.0 = Release|Any CPU
		{45BF4A81-B43B-45F3-912A-86330BE0D5DF}.Debug|Any CPU.ActiveCfg = Debug|Any CPU
		{45BF4A81-B43B-45F3-912A-86330BE0D5DF}.Debug|Any CPU.Build.0 = Debug|Any CPU
		{45BF4A81-B43B-45F3-912A-86330BE0D5DF}.Release|Any CPU.ActiveCfg = Release|Any CPU
		{45BF4A81-B43B-45F3-912A-86330BE0D5DF}.Release|Any CPU.Build.0 = Release|Any CPU
		{7C66D6BA-3F66-49F5-9028-E803C7A7FBCC}.Debug|Any CPU.ActiveCfg = Debug|Any CPU
		{7C66D6BA-3F66-49F5-9028-E803C7A7FBCC}.Debug|Any CPU.Build.0 = Debug|Any CPU
		{7C66D6BA-3F66-49F5-9028-E803C7A7FBCC}.Release|Any CPU.ActiveCfg = Release|Any CPU
		{7C66D6BA-3F66-49F5-9028-E803C7A7FBCC}.Release|Any CPU.Build.0 = Release|Any CPU
		{AB885514-3794-4BB4-8BE6-98B4DD7DFCC7}.Debug|Any CPU.ActiveCfg = Debug|Any CPU
		{AB885514-3794-4BB4-8BE6-98B4DD7DFCC7}.Debug|Any CPU.Build.0 = Debug|Any CPU
		{AB885514-3794-4BB4-8BE6-98B4DD7DFCC7}.Release|Any CPU.ActiveCfg = Release|Any CPU
		{AB885514-3794-4BB4-8BE6-98B4DD7DFCC7}.Release|Any CPU.Build.0 = Release|Any CPU
		{97B0C98B-794F-45A8-92C8-6FA2C59FCDD4}.Debug|Any CPU.ActiveCfg = Debug|Any CPU
		{97B0C98B-794F-45A8-92C8-6FA2C59FCDD4}.Debug|Any CPU.Build.0 = Debug|Any CPU
		{97B0C98B-794F-45A8-92C8-6FA2C59FCDD4}.Release|Any CPU.ActiveCfg = Release|Any CPU
		{97B0C98B-794F-45A8-92C8-6FA2C59FCDD4}.Release|Any CPU.Build.0 = Release|Any CPU
		{5D79F686-2583-4142-B918-2CFE2AD4754D}.Debug|Any CPU.ActiveCfg = Debug|Any CPU
		{5D79F686-2583-4142-B918-2CFE2AD4754D}.Debug|Any CPU.Build.0 = Debug|Any CPU
		{5D79F686-2583-4142-B918-2CFE2AD4754D}.Release|Any CPU.ActiveCfg = Release|Any CPU
		{5D79F686-2583-4142-B918-2CFE2AD4754D}.Release|Any CPU.Build.0 = Release|Any CPU
		{937F809D-0940-4860-B07C-8EBC1B96B7DD}.Debug|Any CPU.ActiveCfg = Debug|Any CPU
		{937F809D-0940-4860-B07C-8EBC1B96B7DD}.Debug|Any CPU.Build.0 = Debug|Any CPU
		{937F809D-0940-4860-B07C-8EBC1B96B7DD}.Release|Any CPU.ActiveCfg = Release|Any CPU
		{937F809D-0940-4860-B07C-8EBC1B96B7DD}.Release|Any CPU.Build.0 = Release|Any CPU
		{03200C2D-5DF6-49C4-A799-E153D72BB3B0}.Debug|Any CPU.ActiveCfg = Debug|Any CPU
		{03200C2D-5DF6-49C4-A799-E153D72BB3B0}.Debug|Any CPU.Build.0 = Debug|Any CPU
		{03200C2D-5DF6-49C4-A799-E153D72BB3B0}.Release|Any CPU.ActiveCfg = Release|Any CPU
		{03200C2D-5DF6-49C4-A799-E153D72BB3B0}.Release|Any CPU.Build.0 = Release|Any CPU
		{167B5FF1-54E0-4014-B117-F68E7D0AB33D}.Debug|Any CPU.ActiveCfg = Debug|Any CPU
		{167B5FF1-54E0-4014-B117-F68E7D0AB33D}.Debug|Any CPU.Build.0 = Debug|Any CPU
		{167B5FF1-54E0-4014-B117-F68E7D0AB33D}.Release|Any CPU.ActiveCfg = Release|Any CPU
		{167B5FF1-54E0-4014-B117-F68E7D0AB33D}.Release|Any CPU.Build.0 = Release|Any CPU
		{7D97965E-3E35-4439-86A2-6D38F6D706CA}.Debug|Any CPU.ActiveCfg = Debug|Any CPU
		{7D97965E-3E35-4439-86A2-6D38F6D706CA}.Debug|Any CPU.Build.0 = Debug|Any CPU
		{7D97965E-3E35-4439-86A2-6D38F6D706CA}.Release|Any CPU.ActiveCfg = Release|Any CPU
		{7D97965E-3E35-4439-86A2-6D38F6D706CA}.Release|Any CPU.Build.0 = Release|Any CPU
		{740F4B45-8392-4DB3-B064-A84005BFACE8}.Debug|Any CPU.ActiveCfg = Debug|Any CPU
		{740F4B45-8392-4DB3-B064-A84005BFACE8}.Debug|Any CPU.Build.0 = Debug|Any CPU
		{740F4B45-8392-4DB3-B064-A84005BFACE8}.Release|Any CPU.ActiveCfg = Release|Any CPU
		{740F4B45-8392-4DB3-B064-A84005BFACE8}.Release|Any CPU.Build.0 = Release|Any CPU
		{6A41D77B-A013-4DB5-87D0-02875AAAB01D}.Debug|Any CPU.ActiveCfg = Debug|Any CPU
		{6A41D77B-A013-4DB5-87D0-02875AAAB01D}.Debug|Any CPU.Build.0 = Debug|Any CPU
		{6A41D77B-A013-4DB5-87D0-02875AAAB01D}.Release|Any CPU.ActiveCfg = Release|Any CPU
		{6A41D77B-A013-4DB5-87D0-02875AAAB01D}.Release|Any CPU.Build.0 = Release|Any CPU
		{11E99F68-9306-4A5D-BD60-D023653BEB52}.Debug|Any CPU.ActiveCfg = Debug|Any CPU
		{11E99F68-9306-4A5D-BD60-D023653BEB52}.Debug|Any CPU.Build.0 = Debug|Any CPU
		{11E99F68-9306-4A5D-BD60-D023653BEB52}.Release|Any CPU.ActiveCfg = Release|Any CPU
		{11E99F68-9306-4A5D-BD60-D023653BEB52}.Release|Any CPU.Build.0 = Release|Any CPU
		{C46B3296-1181-4AC1-8C95-F9546C4BF987}.Debug|Any CPU.ActiveCfg = Debug|Any CPU
		{C46B3296-1181-4AC1-8C95-F9546C4BF987}.Debug|Any CPU.Build.0 = Debug|Any CPU
		{C46B3296-1181-4AC1-8C95-F9546C4BF987}.Release|Any CPU.ActiveCfg = Release|Any CPU
		{C46B3296-1181-4AC1-8C95-F9546C4BF987}.Release|Any CPU.Build.0 = Release|Any CPU
		{55E51C85-7808-4E7B-8849-C274396D7A15}.Debug|Any CPU.ActiveCfg = Debug|Any CPU
		{55E51C85-7808-4E7B-8849-C274396D7A15}.Debug|Any CPU.Build.0 = Debug|Any CPU
		{55E51C85-7808-4E7B-8849-C274396D7A15}.Release|Any CPU.ActiveCfg = Release|Any CPU
		{55E51C85-7808-4E7B-8849-C274396D7A15}.Release|Any CPU.Build.0 = Release|Any CPU
		{3E8996DF-6658-46BA-8CBC-690FC8CA7719}.Debug|Any CPU.ActiveCfg = Debug|Any CPU
		{3E8996DF-6658-46BA-8CBC-690FC8CA7719}.Debug|Any CPU.Build.0 = Debug|Any CPU
		{3E8996DF-6658-46BA-8CBC-690FC8CA7719}.Release|Any CPU.ActiveCfg = Release|Any CPU
		{3E8996DF-6658-46BA-8CBC-690FC8CA7719}.Release|Any CPU.Build.0 = Release|Any CPU
		{0DC872BD-F0C8-46F1-9EF8-760CFF64AB5B}.Debug|Any CPU.ActiveCfg = Debug|Any CPU
		{0DC872BD-F0C8-46F1-9EF8-760CFF64AB5B}.Debug|Any CPU.Build.0 = Debug|Any CPU
		{0DC872BD-F0C8-46F1-9EF8-760CFF64AB5B}.Release|Any CPU.ActiveCfg = Release|Any CPU
		{0DC872BD-F0C8-46F1-9EF8-760CFF64AB5B}.Release|Any CPU.Build.0 = Release|Any CPU
	EndGlobalSection
	GlobalSection(SolutionProperties) = preSolution
		HideSolutionNode = FALSE
	EndGlobalSection
	GlobalSection(NestedProjects) = preSolution
		{83C8885D-5DFA-49B5-8500-C579B3CCE5A8} = {E836C7A0-5157-4231-A543-9B9D881DEA06}
		{B544A352-4CF1-40AE-9F97-E9D3930A2BAE} = {E836C7A0-5157-4231-A543-9B9D881DEA06}
		{5CB98E3E-1134-4264-BD02-6822A3EB357D} = {E836C7A0-5157-4231-A543-9B9D881DEA06}
		{45BF4A81-B43B-45F3-912A-86330BE0D5DF} = {E836C7A0-5157-4231-A543-9B9D881DEA06}
		{7C66D6BA-3F66-49F5-9028-E803C7A7FBCC} = {E836C7A0-5157-4231-A543-9B9D881DEA06}
		{AB885514-3794-4BB4-8BE6-98B4DD7DFCC7} = {1935BCE9-AD35-490C-8CF5-DFAB0F78E430}
		{97B0C98B-794F-45A8-92C8-6FA2C59FCDD4} = {1935BCE9-AD35-490C-8CF5-DFAB0F78E430}
		{5D79F686-2583-4142-B918-2CFE2AD4754D} = {1935BCE9-AD35-490C-8CF5-DFAB0F78E430}
		{937F809D-0940-4860-B07C-8EBC1B96B7DD} = {1935BCE9-AD35-490C-8CF5-DFAB0F78E430}
		{03200C2D-5DF6-49C4-A799-E153D72BB3B0} = {1935BCE9-AD35-490C-8CF5-DFAB0F78E430}
		{167B5FF1-54E0-4014-B117-F68E7D0AB33D} = {27A32893-D357-4CD2-86B2-204BC0388557}
		{7D97965E-3E35-4439-86A2-6D38F6D706CA} = {27A32893-D357-4CD2-86B2-204BC0388557}
		{740F4B45-8392-4DB3-B064-A84005BFACE8} = {27A32893-D357-4CD2-86B2-204BC0388557}
		{6A41D77B-A013-4DB5-87D0-02875AAAB01D} = {27A32893-D357-4CD2-86B2-204BC0388557}
		{11E99F68-9306-4A5D-BD60-D023653BEB52} = {AD194922-E793-4F1B-AD35-F06F8D1524BF}
		{C46B3296-1181-4AC1-8C95-F9546C4BF987} = {AD194922-E793-4F1B-AD35-F06F8D1524BF}
		{55E51C85-7808-4E7B-8849-C274396D7A15} = {AD194922-E793-4F1B-AD35-F06F8D1524BF}
		{3E8996DF-6658-46BA-8CBC-690FC8CA7719} = {AD194922-E793-4F1B-AD35-F06F8D1524BF}
		{0DC872BD-F0C8-46F1-9EF8-760CFF64AB5B} = {83F7AC62-C567-4998-81E6-121A540E1489}
	EndGlobalSection
	GlobalSection(ExtensibilityGlobals) = postSolution
		SolutionGuid = {26C4E935-C079-4E4B-B908-C99D2EDC3E50}
	EndGlobalSection
EndGlobal
